
Microsoft Visual Studio Solution File, Format Version 12.00
# Visual Studio 15
VisualStudioVersion = 15.0.27703.2035
MinimumVisualStudioVersion = 10.0.40219.1
Project("{FAE04EC0-301F-11D3-BF4B-00C04F79EFBC}") = "InsertionSortAlgorithm", "InsertionSortAlgorithm\InsertionSortAlgorithm.csproj", "{E5FFA1E9-03CE-4A7A-86BC-9E439DD98658}"
EndProject
Global
	GlobalSection(SolutionConfigurationPlatforms) = preSolution
		Debug|Any CPU = Debug|Any CPU
		Release|Any CPU = Release|Any CPU
	EndGlobalSection
	GlobalSection(ProjectConfigurationPlatforms) = postSolution
		{E5FFA1E9-03CE-4A7A-86BC-9E439DD98658}.Debug|Any CPU.ActiveCfg = Debug|Any CPU
		{E5FFA1E9-03CE-4A7A-86BC-9E439DD98658}.Debug|Any CPU.Build.0 = Debug|Any CPU
		{E5FFA1E9-03CE-4A7A-86BC-9E439DD98658}.Release|Any CPU.ActiveCfg = Release|Any CPU
		{E5FFA1E9-03CE-4A7A-86BC-9E439DD98658}.Release|Any CPU.Build.0 = Release|Any CPU
	EndGlobalSection
	GlobalSection(SolutionProperties) = preSolution
		HideSolutionNode = FALSE
	EndGlobalSection
	GlobalSection(ExtensibilityGlobals) = postSolution
		SolutionGuid = {A7531F7E-7348-40A6-99A0-3A8ED3977440}
	EndGlobalSection
EndGlobal
